// !$*UTF8*$!
{
	archiveVersion = 1;
	classes = {
	};
	objectVersion = 55;
	objects = {

/* Begin PBXBuildFile section */
		D5E032A628D2C47C00F3F21F /* AppDelegate.swift in Sources */ = {isa = PBXBuildFile; fileRef = D5E032A528D2C47C00F3F21F /* AppDelegate.swift */; };
		D5E032A828D2C47C00F3F21F /* SceneDelegate.swift in Sources */ = {isa = PBXBuildFile; fileRef = D5E032A728D2C47C00F3F21F /* SceneDelegate.swift */; };
		D5E032AA28D2C47C00F3F21F /* MapViewController.swift in Sources */ = {isa = PBXBuildFile; fileRef = D5E032A928D2C47C00F3F21F /* MapViewController.swift */; };
		D5E032AF28D2C47F00F3F21F /* Assets.xcassets in Resources */ = {isa = PBXBuildFile; fileRef = D5E032AE28D2C47F00F3F21F /* Assets.xcassets */; };
		D5E032B228D2C47F00F3F21F /* LaunchScreen.storyboard in Resources */ = {isa = PBXBuildFile; fileRef = D5E032B028D2C47F00F3F21F /* LaunchScreen.storyboard */; };
		D5E032BC28D2C9B900F3F21F /* MapView.swift in Sources */ = {isa = PBXBuildFile; fileRef = D5E032BB28D2C9B900F3F21F /* MapView.swift */; };
		D5E032BF28D2CAF000F3F21F /* MapViewModel.swift in Sources */ = {isa = PBXBuildFile; fileRef = D5E032BE28D2CAF000F3F21F /* MapViewModel.swift */; };
		D5E032C228D2CBE200F3F21F /* MapDataManager.swift in Sources */ = {isa = PBXBuildFile; fileRef = D5E032C128D2CBE200F3F21F /* MapDataManager.swift */; };
		D5E032C528D2CD5D00F3F21F /* ISSLocationResponse.swift in Sources */ = {isa = PBXBuildFile; fileRef = D5E032C428D2CD5D00F3F21F /* ISSLocationResponse.swift */; };
		D5E032C728D2CE8F00F3F21F /* AppError.swift in Sources */ = {isa = PBXBuildFile; fileRef = D5E032C628D2CE8F00F3F21F /* AppError.swift */; };
		D5E032D728D2E1B800F3F21F /* MapViewModelTests.swift in Sources */ = {isa = PBXBuildFile; fileRef = D5E032C828D2E17700F3F21F /* MapViewModelTests.swift */; };
		D5E032DB28D2E24100F3F21F /* MockDataManager.swift in Sources */ = {isa = PBXBuildFile; fileRef = D5E032DA28D2E24100F3F21F /* MockDataManager.swift */; };
		D5E032DE28D2E97A00F3F21F /* iss-now.json in Resources */ = {isa = PBXBuildFile; fileRef = D5E032DD28D2E2C100F3F21F /* iss-now.json */; };
/* End PBXBuildFile section */

/* Begin PBXContainerItemProxy section */
		D5E032D228D2E1B300F3F21F /* PBXContainerItemProxy */ = {
			isa = PBXContainerItemProxy;
			containerPortal = D5E0329A28D2C47C00F3F21F /* Project object */;
			proxyType = 1;
			remoteGlobalIDString = D5E032A128D2C47C00F3F21F;
			remoteInfo = InternationalSpaceStation;
		};
/* End PBXContainerItemProxy section */

/* Begin PBXFileReference section */
		D5E032A228D2C47C00F3F21F /* InternationalSpaceStation.app */ = {isa = PBXFileReference; explicitFileType = wrapper.application; includeInIndex = 0; path = InternationalSpaceStation.app; sourceTree = BUILT_PRODUCTS_DIR; };
		D5E032A528D2C47C00F3F21F /* AppDelegate.swift */ = {isa = PBXFileReference; lastKnownFileType = sourcecode.swift; path = AppDelegate.swift; sourceTree = "<group>"; };
		D5E032A728D2C47C00F3F21F /* SceneDelegate.swift */ = {isa = PBXFileReference; lastKnownFileType = sourcecode.swift; path = SceneDelegate.swift; sourceTree = "<group>"; };
		D5E032A928D2C47C00F3F21F /* MapViewController.swift */ = {isa = PBXFileReference; lastKnownFileType = sourcecode.swift; path = MapViewController.swift; sourceTree = "<group>"; };
		D5E032AE28D2C47F00F3F21F /* Assets.xcassets */ = {isa = PBXFileReference; lastKnownFileType = folder.assetcatalog; path = Assets.xcassets; sourceTree = "<group>"; };
		D5E032B128D2C47F00F3F21F /* Base */ = {isa = PBXFileReference; lastKnownFileType = file.storyboard; name = Base; path = Base.lproj/LaunchScreen.storyboard; sourceTree = "<group>"; };
		D5E032B328D2C47F00F3F21F /* Info.plist */ = {isa = PBXFileReference; lastKnownFileType = text.plist.xml; path = Info.plist; sourceTree = "<group>"; };
		D5E032BB28D2C9B900F3F21F /* MapView.swift */ = {isa = PBXFileReference; lastKnownFileType = sourcecode.swift; path = MapView.swift; sourceTree = "<group>"; };
		D5E032BE28D2CAF000F3F21F /* MapViewModel.swift */ = {isa = PBXFileReference; lastKnownFileType = sourcecode.swift; path = MapViewModel.swift; sourceTree = "<group>"; };
		D5E032C128D2CBE200F3F21F /* MapDataManager.swift */ = {isa = PBXFileReference; lastKnownFileType = sourcecode.swift; path = MapDataManager.swift; sourceTree = "<group>"; };
		D5E032C428D2CD5D00F3F21F /* ISSLocationResponse.swift */ = {isa = PBXFileReference; lastKnownFileType = sourcecode.swift; path = ISSLocationResponse.swift; sourceTree = "<group>"; };
		D5E032C628D2CE8F00F3F21F /* AppError.swift */ = {isa = PBXFileReference; lastKnownFileType = sourcecode.swift; path = AppError.swift; sourceTree = "<group>"; };
		D5E032C828D2E17700F3F21F /* MapViewModelTests.swift */ = {isa = PBXFileReference; lastKnownFileType = sourcecode.swift; path = MapViewModelTests.swift; sourceTree = "<group>"; };
		D5E032CE28D2E1B300F3F21F /* InternationalSpaceStationTests.xctest */ = {isa = PBXFileReference; explicitFileType = wrapper.cfbundle; includeInIndex = 0; path = InternationalSpaceStationTests.xctest; sourceTree = BUILT_PRODUCTS_DIR; };
		D5E032DA28D2E24100F3F21F /* MockDataManager.swift */ = {isa = PBXFileReference; lastKnownFileType = sourcecode.swift; path = MockDataManager.swift; sourceTree = "<group>"; };
		D5E032DD28D2E2C100F3F21F /* iss-now.json */ = {isa = PBXFileReference; lastKnownFileType = text.json; path = "iss-now.json"; sourceTree = "<group>"; };
/* End PBXFileReference section */

/* Begin PBXFrameworksBuildPhase section */
		D5E0329F28D2C47C00F3F21F /* Frameworks */ = {
			isa = PBXFrameworksBuildPhase;
			buildActionMask = 2147483647;
			files = (
			);
			runOnlyForDeploymentPostprocessing = 0;
		};
		D5E032CB28D2E1B300F3F21F /* Frameworks */ = {
			isa = PBXFrameworksBuildPhase;
			buildActionMask = 2147483647;
			files = (
			);
			runOnlyForDeploymentPostprocessing = 0;
		};
/* End PBXFrameworksBuildPhase section */

/* Begin PBXGroup section */
		D5E0329928D2C47C00F3F21F = {
			isa = PBXGroup;
			children = (
				D5E032A428D2C47C00F3F21F /* InternationalSpaceStation */,
				D5E032CF28D2E1B300F3F21F /* InternationalSpaceStationTests */,
				D5E032A328D2C47C00F3F21F /* Products */,
			);
			sourceTree = "<group>";
		};
		D5E032A328D2C47C00F3F21F /* Products */ = {
			isa = PBXGroup;
			children = (
				D5E032A228D2C47C00F3F21F /* InternationalSpaceStation.app */,
				D5E032CE28D2E1B300F3F21F /* InternationalSpaceStationTests.xctest */,
			);
			name = Products;
			sourceTree = "<group>";
		};
		D5E032A428D2C47C00F3F21F /* InternationalSpaceStation */ = {
			isa = PBXGroup;
			children = (
				D5E032A528D2C47C00F3F21F /* AppDelegate.swift */,
				D5E032A728D2C47C00F3F21F /* SceneDelegate.swift */,
				D5E032C028D2CBC400F3F21F /* DataManagers */,
				D5E032C328D2CD3400F3F21F /* Models */,
				D5E032B928D2C7DC00F3F21F /* Views */,
				D5E032BD28D2CADF00F3F21F /* ViewModels */,
				D5E032AE28D2C47F00F3F21F /* Assets.xcassets */,
				D5E032B028D2C47F00F3F21F /* LaunchScreen.storyboard */,
				D5E032B328D2C47F00F3F21F /* Info.plist */,
			);
			path = InternationalSpaceStation;
			sourceTree = "<group>";
		};
		D5E032B928D2C7DC00F3F21F /* Views */ = {
			isa = PBXGroup;
			children = (
				D5E032A928D2C47C00F3F21F /* MapViewController.swift */,
				D5E032BA28D2C97B00F3F21F /* Subviews */,
			);
			path = Views;
			sourceTree = "<group>";
		};
		D5E032BA28D2C97B00F3F21F /* Subviews */ = {
			isa = PBXGroup;
			children = (
				D5E032BB28D2C9B900F3F21F /* MapView.swift */,
			);
			path = Subviews;
			sourceTree = "<group>";
		};
		D5E032BD28D2CADF00F3F21F /* ViewModels */ = {
			isa = PBXGroup;
			children = (
				D5E032BE28D2CAF000F3F21F /* MapViewModel.swift */,
			);
			path = ViewModels;
			sourceTree = "<group>";
		};
		D5E032C028D2CBC400F3F21F /* DataManagers */ = {
			isa = PBXGroup;
			children = (
				D5E032C128D2CBE200F3F21F /* MapDataManager.swift */,
			);
			path = DataManagers;
			sourceTree = "<group>";
		};
		D5E032C328D2CD3400F3F21F /* Models */ = {
			isa = PBXGroup;
			children = (
				D5E032C428D2CD5D00F3F21F /* ISSLocationResponse.swift */,
				D5E032C628D2CE8F00F3F21F /* AppError.swift */,
			);
			path = Models;
			sourceTree = "<group>";
		};
		D5E032CF28D2E1B300F3F21F /* InternationalSpaceStationTests */ = {
			isa = PBXGroup;
			children = (
				D5E032DC28D2E29E00F3F21F /* MockResponses */,
				D5E032D828D2E21C00F3F21F /* MockManagers */,
				D5E032D928D2E22800F3F21F /* Tests */,
			);
			path = InternationalSpaceStationTests;
			sourceTree = "<group>";
		};
		D5E032D828D2E21C00F3F21F /* MockManagers */ = {
			isa = PBXGroup;
			children = (
				D5E032DA28D2E24100F3F21F /* MockDataManager.swift */,
			);
			path = MockManagers;
			sourceTree = "<group>";
		};
		D5E032D928D2E22800F3F21F /* Tests */ = {
			isa = PBXGroup;
			children = (
				D5E032C828D2E17700F3F21F /* MapViewModelTests.swift */,
			);
			path = Tests;
			sourceTree = "<group>";
		};
		D5E032DC28D2E29E00F3F21F /* MockResponses */ = {
			isa = PBXGroup;
			children = (
				D5E032DD28D2E2C100F3F21F /* iss-now.json */,
			);
			path = MockResponses;
			sourceTree = "<group>";
		};
/* End PBXGroup section */

/* Begin PBXNativeTarget section */
		D5E032A128D2C47C00F3F21F /* InternationalSpaceStation */ = {
			isa = PBXNativeTarget;
			buildConfigurationList = D5E032B628D2C47F00F3F21F /* Build configuration list for PBXNativeTarget "InternationalSpaceStation" */;
			buildPhases = (
				D5E0329E28D2C47C00F3F21F /* Sources */,
				D5E0329F28D2C47C00F3F21F /* Frameworks */,
				D5E032A028D2C47C00F3F21F /* Resources */,
			);
			buildRules = (
			);
			dependencies = (
			);
			name = InternationalSpaceStation;
			productName = InternationalSpaceStation;
			productReference = D5E032A228D2C47C00F3F21F /* InternationalSpaceStation.app */;
			productType = "com.apple.product-type.application";
		};
		D5E032CD28D2E1B300F3F21F /* InternationalSpaceStationTests */ = {
			isa = PBXNativeTarget;
			buildConfigurationList = D5E032D428D2E1B300F3F21F /* Build configuration list for PBXNativeTarget "InternationalSpaceStationTests" */;
			buildPhases = (
				D5E032CA28D2E1B300F3F21F /* Sources */,
				D5E032CB28D2E1B300F3F21F /* Frameworks */,
				D5E032CC28D2E1B300F3F21F /* Resources */,
			);
			buildRules = (
			);
			dependencies = (
				D5E032D328D2E1B300F3F21F /* PBXTargetDependency */,
			);
			name = InternationalSpaceStationTests;
			productName = InternationalSpaceStationTests;
			productReference = D5E032CE28D2E1B300F3F21F /* InternationalSpaceStationTests.xctest */;
			productType = "com.apple.product-type.bundle.unit-test";
		};
/* End PBXNativeTarget section */

/* Begin PBXProject section */
		D5E0329A28D2C47C00F3F21F /* Project object */ = {
			isa = PBXProject;
			attributes = {
				BuildIndependentTargetsInParallel = 1;
				LastSwiftUpdateCheck = 1320;
				LastUpgradeCheck = 1320;
				TargetAttributes = {
					D5E032A128D2C47C00F3F21F = {
						CreatedOnToolsVersion = 13.2.1;
						LastSwiftMigration = 1320;
					};
					D5E032CD28D2E1B300F3F21F = {
						CreatedOnToolsVersion = 13.2.1;
						TestTargetID = D5E032A128D2C47C00F3F21F;
					};
				};
			};
			buildConfigurationList = D5E0329D28D2C47C00F3F21F /* Build configuration list for PBXProject "InternationalSpaceStation" */;
			compatibilityVersion = "Xcode 13.0";
			developmentRegion = en;
			hasScannedForEncodings = 0;
			knownRegions = (
				en,
				Base,
			);
			mainGroup = D5E0329928D2C47C00F3F21F;
			productRefGroup = D5E032A328D2C47C00F3F21F /* Products */;
			projectDirPath = "";
			projectRoot = "";
			targets = (
				D5E032A128D2C47C00F3F21F /* InternationalSpaceStation */,
				D5E032CD28D2E1B300F3F21F /* InternationalSpaceStationTests */,
			);
		};
/* End PBXProject section */

/* Begin PBXResourcesBuildPhase section */
		D5E032A028D2C47C00F3F21F /* Resources */ = {
			isa = PBXResourcesBuildPhase;
			buildActionMask = 2147483647;
			files = (
				D5E032B228D2C47F00F3F21F /* LaunchScreen.storyboard in Resources */,
				D5E032AF28D2C47F00F3F21F /* Assets.xcassets in Resources */,
			);
			runOnlyForDeploymentPostprocessing = 0;
		};
		D5E032CC28D2E1B300F3F21F /* Resources */ = {
			isa = PBXResourcesBuildPhase;
			buildActionMask = 2147483647;
			files = (
				D5E032DE28D2E97A00F3F21F /* iss-now.json in Resources */,
			);
			runOnlyForDeploymentPostprocessing = 0;
		};
/* End PBXResourcesBuildPhase section */

/* Begin PBXSourcesBuildPhase section */
		D5E0329E28D2C47C00F3F21F /* Sources */ = {
			isa = PBXSourcesBuildPhase;
			buildActionMask = 2147483647;
			files = (
				D5E032AA28D2C47C00F3F21F /* MapViewController.swift in Sources */,
				D5E032BF28D2CAF000F3F21F /* MapViewModel.swift in Sources */,
				D5E032BC28D2C9B900F3F21F /* MapView.swift in Sources */,
				D5E032A628D2C47C00F3F21F /* AppDelegate.swift in Sources */,
				D5E032C728D2CE8F00F3F21F /* AppError.swift in Sources */,
				D5E032C528D2CD5D00F3F21F /* ISSLocationResponse.swift in Sources */,
				D5E032C228D2CBE200F3F21F /* MapDataManager.swift in Sources */,
				D5E032A828D2C47C00F3F21F /* SceneDelegate.swift in Sources */,
			);
			runOnlyForDeploymentPostprocessing = 0;
		};
		D5E032CA28D2E1B300F3F21F /* Sources */ = {
			isa = PBXSourcesBuildPhase;
			buildActionMask = 2147483647;
			files = (
				D5E032D728D2E1B800F3F21F /* MapViewModelTests.swift in Sources */,
				D5E032DB28D2E24100F3F21F /* MockDataManager.swift in Sources */,
			);
			runOnlyForDeploymentPostprocessing = 0;
		};
/* End PBXSourcesBuildPhase section */

/* Begin PBXTargetDependency section */
		D5E032D328D2E1B300F3F21F /* PBXTargetDependency */ = {
			isa = PBXTargetDependency;
			target = D5E032A128D2C47C00F3F21F /* InternationalSpaceStation */;
			targetProxy = D5E032D228D2E1B300F3F21F /* PBXContainerItemProxy */;
		};
/* End PBXTargetDependency section */

/* Begin PBXVariantGroup section */
		D5E032B028D2C47F00F3F21F /* LaunchScreen.storyboard */ = {
			isa = PBXVariantGroup;
			children = (
				D5E032B128D2C47F00F3F21F /* Base */,
			);
			name = LaunchScreen.storyboard;
			sourceTree = "<group>";
		};
/* End PBXVariantGroup section */

/* Begin XCBuildConfiguration section */
		D5E032B428D2C47F00F3F21F /* Debug */ = {
			isa = XCBuildConfiguration;
			buildSettings = {
				ALWAYS_SEARCH_USER_PATHS = NO;
				CLANG_ANALYZER_NONNULL = YES;
				CLANG_ANALYZER_NUMBER_OBJECT_CONVERSION = YES_AGGRESSIVE;
				CLANG_CXX_LANGUAGE_STANDARD = "gnu++17";
				CLANG_CXX_LIBRARY = "libc++";
				CLANG_ENABLE_MODULES = YES;
				CLANG_ENABLE_OBJC_ARC = YES;
				CLANG_ENABLE_OBJC_WEAK = YES;
				CLANG_WARN_BLOCK_CAPTURE_AUTORELEASING = YES;
				CLANG_WARN_BOOL_CONVERSION = YES;
				CLANG_WARN_COMMA = YES;
				CLANG_WARN_CONSTANT_CONVERSION = YES;
				CLANG_WARN_DEPRECATED_OBJC_IMPLEMENTATIONS = YES;
				CLANG_WARN_DIRECT_OBJC_ISA_USAGE = YES_ERROR;
				CLANG_WARN_DOCUMENTATION_COMMENTS = YES;
				CLANG_WARN_EMPTY_BODY = YES;
				CLANG_WARN_ENUM_CONVERSION = YES;
				CLANG_WARN_INFINITE_RECURSION = YES;
				CLANG_WARN_INT_CONVERSION = YES;
				CLANG_WARN_NON_LITERAL_NULL_CONVERSION = YES;
				CLANG_WARN_OBJC_IMPLICIT_RETAIN_SELF = YES;
				CLANG_WARN_OBJC_LITERAL_CONVERSION = YES;
				CLANG_WARN_OBJC_ROOT_CLASS = YES_ERROR;
				CLANG_WARN_QUOTED_INCLUDE_IN_FRAMEWORK_HEADER = YES;
				CLANG_WARN_RANGE_LOOP_ANALYSIS = YES;
				CLANG_WARN_STRICT_PROTOTYPES = YES;
				CLANG_WARN_SUSPICIOUS_MOVE = YES;
				CLANG_WARN_UNGUARDED_AVAILABILITY = YES_AGGRESSIVE;
				CLANG_WARN_UNREACHABLE_CODE = YES;
				CLANG_WARN__DUPLICATE_METHOD_MATCH = YES;
				COPY_PHASE_STRIP = NO;
				DEBUG_INFORMATION_FORMAT = dwarf;
				ENABLE_STRICT_OBJC_MSGSEND = YES;
				ENABLE_TESTABILITY = YES;
				GCC_C_LANGUAGE_STANDARD = gnu11;
				GCC_DYNAMIC_NO_PIC = NO;
				GCC_NO_COMMON_BLOCKS = YES;
				GCC_OPTIMIZATION_LEVEL = 0;
				GCC_PREPROCESSOR_DEFINITIONS = (
					"DEBUG=1",
					"$(inherited)",
				);
				GCC_WARN_64_TO_32_BIT_CONVERSION = YES;
				GCC_WARN_ABOUT_RETURN_TYPE = YES_ERROR;
				GCC_WARN_UNDECLARED_SELECTOR = YES;
				GCC_WARN_UNINITIALIZED_AUTOS = YES_AGGRESSIVE;
				GCC_WARN_UNUSED_FUNCTION = YES;
				GCC_WARN_UNUSED_VARIABLE = YES;
				IPHONEOS_DEPLOYMENT_TARGET = 15.2;
				MTL_ENABLE_DEBUG_INFO = INCLUDE_SOURCE;
				MTL_FAST_MATH = YES;
				ONLY_ACTIVE_ARCH = YES;
				SDKROOT = iphoneos;
				SWIFT_ACTIVE_COMPILATION_CONDITIONS = DEBUG;
				SWIFT_OPTIMIZATION_LEVEL = "-Onone";
			};
			name = Debug;
		};
		D5E032B528D2C47F00F3F21F /* Release */ = {
			isa = XCBuildConfiguration;
			buildSettings = {
				ALWAYS_SEARCH_USER_PATHS = NO;
				CLANG_ANALYZER_NONNULL = YES;
				CLANG_ANALYZER_NUMBER_OBJECT_CONVERSION = YES_AGGRESSIVE;
				CLANG_CXX_LANGUAGE_STANDARD = "gnu++17";
				CLANG_CXX_LIBRARY = "libc++";
				CLANG_ENABLE_MODULES = YES;
				CLANG_ENABLE_OBJC_ARC = YES;
				CLANG_ENABLE_OBJC_WEAK = YES;
				CLANG_WARN_BLOCK_CAPTURE_AUTORELEASING = YES;
				CLANG_WARN_BOOL_CONVERSION = YES;
				CLANG_WARN_COMMA = YES;
				CLANG_WARN_CONSTANT_CONVERSION = YES;
				CLANG_WARN_DEPRECATED_OBJC_IMPLEMENTATIONS = YES;
				CLANG_WARN_DIRECT_OBJC_ISA_USAGE = YES_ERROR;
				CLANG_WARN_DOCUMENTATION_COMMENTS = YES;
				CLANG_WARN_EMPTY_BODY = YES;
				CLANG_WARN_ENUM_CONVERSION = YES;
				CLANG_WARN_INFINITE_RECURSION = YES;
				CLANG_WARN_INT_CONVERSION = YES;
				CLANG_WARN_NON_LITERAL_NULL_CONVERSION = YES;
				CLANG_WARN_OBJC_IMPLICIT_RETAIN_SELF = YES;
				CLANG_WARN_OBJC_LITERAL_CONVERSION = YES;
				CLANG_WARN_OBJC_ROOT_CLASS = YES_ERROR;
				CLANG_WARN_QUOTED_INCLUDE_IN_FRAMEWORK_HEADER = YES;
				CLANG_WARN_RANGE_LOOP_ANALYSIS = YES;
				CLANG_WARN_STRICT_PROTOTYPES = YES;
				CLANG_WARN_SUSPICIOUS_MOVE = YES;
				CLANG_WARN_UNGUARDED_AVAILABILITY = YES_AGGRESSIVE;
				CLANG_WARN_UNREACHABLE_CODE = YES;
				CLANG_WARN__DUPLICATE_METHOD_MATCH = YES;
				COPY_PHASE_STRIP = NO;
				DEBUG_INFORMATION_FORMAT = "dwarf-with-dsym";
				ENABLE_NS_ASSERTIONS = NO;
				ENABLE_STRICT_OBJC_MSGSEND = YES;
				GCC_C_LANGUAGE_STANDARD = gnu11;
				GCC_NO_COMMON_BLOCKS = YES;
				GCC_WARN_64_TO_32_BIT_CONVERSION = YES;
				GCC_WARN_ABOUT_RETURN_TYPE = YES_ERROR;
				GCC_WARN_UNDECLARED_SELECTOR = YES;
				GCC_WARN_UNINITIALIZED_AUTOS = YES_AGGRESSIVE;
				GCC_WARN_UNUSED_FUNCTION = YES;
				GCC_WARN_UNUSED_VARIABLE = YES;
				IPHONEOS_DEPLOYMENT_TARGET = 15.2;
				MTL_ENABLE_DEBUG_INFO = NO;
				MTL_FAST_MATH = YES;
				SDKROOT = iphoneos;
				SWIFT_COMPILATION_MODE = wholemodule;
				SWIFT_OPTIMIZATION_LEVEL = "-O";
				VALIDATE_PRODUCT = YES;
			};
			name = Release;
		};
		D5E032B728D2C47F00F3F21F /* Debug */ = {
			isa = XCBuildConfiguration;
			buildSettings = {
				ASSETCATALOG_COMPILER_APPICON_NAME = AppIcon;
				ASSETCATALOG_COMPILER_GLOBAL_ACCENT_COLOR_NAME = AccentColor;
				CLANG_ENABLE_MODULES = YES;
				CODE_SIGN_STYLE = Automatic;
				CURRENT_PROJECT_VERSION = 1;
				DEVELOPMENT_TEAM = 5H9LF74GEN;
				GENERATE_INFOPLIST_FILE = YES;
				INFOPLIST_FILE = InternationalSpaceStation/Info.plist;
				INFOPLIST_KEY_UIApplicationSupportsIndirectInputEvents = YES;
				INFOPLIST_KEY_UILaunchStoryboardName = LaunchScreen;
				INFOPLIST_KEY_UISupportedInterfaceOrientations_iPad = "UIInterfaceOrientationPortrait UIInterfaceOrientationPortraitUpsideDown UIInterfaceOrientationLandscapeLeft UIInterfaceOrientationLandscapeRight";
				INFOPLIST_KEY_UISupportedInterfaceOrientations_iPhone = "UIInterfaceOrientationPortrait UIInterfaceOrientationLandscapeLeft UIInterfaceOrientationLandscapeRight";
				LD_RUNPATH_SEARCH_PATHS = (
					"$(inherited)",
					"@executable_path/Frameworks",
				);
				MARKETING_VERSION = 1.0;
				PRODUCT_BUNDLE_IDENTIFIER = "Dylan-Chen.InternationalSpaceStation";
				PRODUCT_NAME = "$(TARGET_NAME)";
				SWIFT_EMIT_LOC_STRINGS = YES;
				SWIFT_OBJC_BRIDGING_HEADER = "";
				SWIFT_OPTIMIZATION_LEVEL = "-Onone";
				SWIFT_PRECOMPILE_BRIDGING_HEADER = YES;
				SWIFT_VERSION = 5.0;
				TARGETED_DEVICE_FAMILY = "1,2";
			};
			name = Debug;
		};
		D5E032B828D2C47F00F3F21F /* Release */ = {
			isa = XCBuildConfiguration;
			buildSettings = {
				ASSETCATALOG_COMPILER_APPICON_NAME = AppIcon;
				ASSETCATALOG_COMPILER_GLOBAL_ACCENT_COLOR_NAME = AccentColor;
				CLANG_ENABLE_MODULES = YES;
				CODE_SIGN_STYLE = Automatic;
				CURRENT_PROJECT_VERSION = 1;
				DEVELOPMENT_TEAM = 5H9LF74GEN;
				GENERATE_INFOPLIST_FILE = YES;
				INFOPLIST_FILE = InternationalSpaceStation/Info.plist;
				INFOPLIST_KEY_UIApplicationSupportsIndirectInputEvents = YES;
				INFOPLIST_KEY_UILaunchStoryboardName = LaunchScreen;
				INFOPLIST_KEY_UISupportedInterfaceOrientations_iPad = "UIInterfaceOrientationPortrait UIInterfaceOrientationPortraitUpsideDown UIInterfaceOrientationLandscapeLeft UIInterfaceOrientationLandscapeRight";
				INFOPLIST_KEY_UISupportedInterfaceOrientations_iPhone = "UIInterfaceOrientationPortrait UIInterfaceOrientationLandscapeLeft UIInterfaceOrientationLandscapeRight";
				LD_RUNPATH_SEARCH_PATHS = (
					"$(inherited)",
					"@executable_path/Frameworks",
				);
				MARKETING_VERSION = 1.0;
				PRODUCT_BUNDLE_IDENTIFIER = "Dylan-Chen.InternationalSpaceStation";
				PRODUCT_NAME = "$(TARGET_NAME)";
				SWIFT_EMIT_LOC_STRINGS = YES;
				SWIFT_OBJC_BRIDGING_HEADER = "";
				SWIFT_PRECOMPILE_BRIDGING_HEADER = YES;
				SWIFT_VERSION = 5.0;
				TARGETED_DEVICE_FAMILY = "1,2";
			};
			name = Release;
		};
		D5E032D528D2E1B300F3F21F /* Debug */ = {
			isa = XCBuildConfiguration;
			buildSettings = {
				BUNDLE_LOADER = "$(TEST_HOST)";
				CODE_SIGN_STYLE = Automatic;
				CURRENT_PROJECT_VERSION = 1;
				DEVELOPMENT_TEAM = 5H9LF74GEN;
				GENERATE_INFOPLIST_FILE = YES;
				MARKETING_VERSION = 1.0;
				PRODUCT_BUNDLE_IDENTIFIER = "Dylan-Chen.InternationalSpaceStationTests";
				PRODUCT_NAME = "$(TARGET_NAME)";
				SWIFT_EMIT_LOC_STRINGS = NO;
				SWIFT_VERSION = 5.0;
				TARGETED_DEVICE_FAMILY = "1,2";
				TEST_HOST = "$(BUILT_PRODUCTS_DIR)/InternationalSpaceStation.app/InternationalSpaceStation";
			};
			name = Debug;
		};
		D5E032D628D2E1B300F3F21F /* Release */ = {
			isa = XCBuildConfiguration;
			buildSettings = {
				BUNDLE_LOADER = "$(TEST_HOST)";
				CODE_SIGN_STYLE = Automatic;
				CURRENT_PROJECT_VERSION = 1;
				DEVELOPMENT_TEAM = 5H9LF74GEN;
				GENERATE_INFOPLIST_FILE = YES;
				MARKETING_VERSION = 1.0;
				PRODUCT_BUNDLE_IDENTIFIER = "Dylan-Chen.InternationalSpaceStationTests";
				PRODUCT_NAME = "$(TARGET_NAME)";
				SWIFT_EMIT_LOC_STRINGS = NO;
				SWIFT_VERSION = 5.0;
				TARGETED_DEVICE_FAMILY = "1,2";
				TEST_HOST = "$(BUILT_PRODUCTS_DIR)/InternationalSpaceStation.app/InternationalSpaceStation";
			};
			name = Release;
		};
/* End XCBuildConfiguration section */

/* Begin XCConfigurationList section */
		D5E0329D28D2C47C00F3F21F /* Build configuration list for PBXProject "InternationalSpaceStation" */ = {
			isa = XCConfigurationList;
			buildConfigurations = (
				D5E032B428D2C47F00F3F21F /* Debug */,
				D5E032B528D2C47F00F3F21F /* Release */,
			);
			defaultConfigurationIsVisible = 0;
			defaultConfigurationName = Release;
		};
		D5E032B628D2C47F00F3F21F /* Build configuration list for PBXNativeTarget "InternationalSpaceStation" */ = {
			isa = XCConfigurationList;
			buildConfigurations = (
				D5E032B728D2C47F00F3F21F /* Debug */,
				D5E032B828D2C47F00F3F21F /* Release */,
			);
			defaultConfigurationIsVisible = 0;
			defaultConfigurationName = Release;
		};
		D5E032D428D2E1B300F3F21F /* Build configuration list for PBXNativeTarget "InternationalSpaceStationTests" */ = {
			isa = XCConfigurationList;
			buildConfigurations = (
				D5E032D528D2E1B300F3F21F /* Debug */,
				D5E032D628D2E1B300F3F21F /* Release */,
			);
			defaultConfigurationIsVisible = 0;
			defaultConfigurationName = Release;
		};
/* End XCConfigurationList section */
	};
	rootObject = D5E0329A28D2C47C00F3F21F /* Project object */;
}
